
Microsoft Visual Studio Solution File, Format Version 12.00
# Visual Studio Version 16
VisualStudioVersion = 16.0.30717.126
MinimumVisualStudioVersion = 10.0.40219.1
Project("{FAE04EC0-301F-11D3-BF4B-00C04F79EFBC}") = "MISA.EShop.WebAPI", "MISA.EShop.WebAPI\MISA.EShop.WebAPI.csproj", "{5538A735-72B9-4FE1-B2C2-22739C6656F4}"
EndProject
Project("{FAE04EC0-301F-11D3-BF4B-00C04F79EFBC}") = "MISA.EShop.Core", "MISA.EShop.Core\MISA.EShop.Core.csproj", "{A9077139-69D8-45EF-A333-F4E3433E7882}"
EndProject
Project("{FAE04EC0-301F-11D3-BF4B-00C04F79EFBC}") = "MISA.EShop.Infrastructure", "MISA.EShop.Infrastructure\MISA.EShop.Infrastructure.csproj", "{D400C1F6-0775-4B87-8396-5150B98C9584}"
EndProject
Global
	GlobalSection(SolutionConfigurationPlatforms) = preSolution
		Debug|Any CPU = Debug|Any CPU
		Release|Any CPU = Release|Any CPU
	EndGlobalSection
	GlobalSection(ProjectConfigurationPlatforms) = postSolution
		{5538A735-72B9-4FE1-B2C2-22739C6656F4}.Debug|Any CPU.ActiveCfg = Debug|Any CPU
		{5538A735-72B9-4FE1-B2C2-22739C6656F4}.Debug|Any CPU.Build.0 = Debug|Any CPU
		{5538A735-72B9-4FE1-B2C2-22739C6656F4}.Release|Any CPU.ActiveCfg = Release|Any CPU
		{5538A735-72B9-4FE1-B2C2-22739C6656F4}.Release|Any CPU.Build.0 = Release|Any CPU
		{A9077139-69D8-45EF-A333-F4E3433E7882}.Debug|Any CPU.ActiveCfg = Debug|Any CPU
		{A9077139-69D8-45EF-A333-F4E3433E7882}.Debug|Any CPU.Build.0 = Debug|Any CPU
		{A9077139-69D8-45EF-A333-F4E3433E7882}.Release|Any CPU.ActiveCfg = Release|Any CPU
		{A9077139-69D8-45EF-A333-F4E3433E7882}.Release|Any CPU.Build.0 = Release|Any CPU
		{D400C1F6-0775-4B87-8396-5150B98C9584}.Debug|Any CPU.ActiveCfg = Debug|Any CPU
		{D400C1F6-0775-4B87-8396-5150B98C9584}.Debug|Any CPU.Build.0 = Debug|Any CPU
		{D400C1F6-0775-4B87-8396-5150B98C9584}.Release|Any CPU.ActiveCfg = Release|Any CPU
		{D400C1F6-0775-4B87-8396-5150B98C9584}.Release|Any CPU.Build.0 = Release|Any CPU
	EndGlobalSection
	GlobalSection(SolutionProperties) = preSolution
		HideSolutionNode = FALSE
	EndGlobalSection
	GlobalSection(ExtensibilityGlobals) = postSolution
		SolutionGuid = {4D962AAF-C0D3-4C38-BAD0-63881AB5C7B8}
	EndGlobalSection
EndGlobal
